
Microsoft Visual Studio Solution File, Format Version 12.00
# Visual Studio 15
VisualStudioVersion = 15.0.27428.2005
MinimumVisualStudioVersion = 10.0.40219.1
Project("{FAE04EC0-301F-11D3-BF4B-00C04F79EFBC}") = "VolumeOfHemisphere", "VolumeOfHemisphere\VolumeOfHemisphere.csproj", "{D53B473B-1CDC-43F1-8B82-96DD7A4CDA9F}"
EndProject
Global
	GlobalSection(SolutionConfigurationPlatforms) = preSolution
		Debug|Any CPU = Debug|Any CPU
		Release|Any CPU = Release|Any CPU
	EndGlobalSection
	GlobalSection(ProjectConfigurationPlatforms) = postSolution
		{D53B473B-1CDC-43F1-8B82-96DD7A4CDA9F}.Debug|Any CPU.ActiveCfg = Debug|Any CPU
		{D53B473B-1CDC-43F1-8B82-96DD7A4CDA9F}.Debug|Any CPU.Build.0 = Debug|Any CPU
		{D53B473B-1CDC-43F1-8B82-96DD7A4CDA9F}.Release|Any CPU.ActiveCfg = Release|Any CPU
		{D53B473B-1CDC-43F1-8B82-96DD7A4CDA9F}.Release|Any CPU.Build.0 = Release|Any CPU
	EndGlobalSection
	GlobalSection(SolutionProperties) = preSolution
		HideSolutionNode = FALSE
	EndGlobalSection
	GlobalSection(ExtensibilityGlobals) = postSolution
		SolutionGuid = {4529388D-76A4-40DA-B7EB-6EA11BE57E54}
	EndGlobalSection
EndGlobal
